{
  "schemaVersion": "1.0",
  "algorithm": "sha256",
  "digests": {
    "manifest.json": "f42aae415ad24193c9510ea6ed919326d173c6bbdf03101e715426b7d7ae9009",
    "planning-manifest.json": "2e78654a6e0fd5acafcca8a071f3a8d533b1c02e5a3fcbe047f9f200e3b67b2f",
    "planning-artifacts.json": "db9a3b442a6bdedf039af12142f4fc32b9543cd06419d693a9a2249e7fd70e30",
    "capability-definitions.json": "e86ee6908edb9106b0114b85e984528493735dddcd0f0838615bf521d68360d7",
    "functional-spec.json": "86fea03fc0cd0ba06859ad4c283c2b28d2a0a554cf2a27b93d451acbf9706e21",
    "page-function-map.json": "51d884b750f058e3ae79c48e68e6e319587487591a526a9fefa30f981ea73337",
    "unresolved-items.json": "8eb130728f4553701b73b66aad8bb1c4563b23f272dccf1c5a64dfa4163b20f7",
    "review-receipt.json": "4027a084ad0c8ade86a6779a90036a018244c23e421f4878e288b668167976bc",
    "planning-review-receipt.json": "9e42a25fc4f1c17400b235452492c42ad0298b9b0af6841983df19fa7b8ef9dd"
  }
}
