{
  "schemaVersion": "1.0",
  "algorithm": "sha256",
  "digests": {
    "manifest.json": "5490f7b31e11b86f2262f9f0b816eb8581745fdc1b70ee75a02160bad2f94f58",
    "planning-manifest.json": "7886990d18ca7aa559ebe13817a74f5553480214d7e2010dafddbdb7ddaa2ffa",
    "planning-artifacts.json": "34e83852d2208087c9a33194cb62d2dcdde0e383be1e7a0f9e6ed5cbf0c3cf7a",
    "capability-definitions.json": "6899dfa5ec4868c1cf83084686fd54509a989dc9b4a8710b317954957059e82a",
    "evidence-index.json": "2cc49f6f2dc26a63c7a79696a38a5ba678a6ece62737f4acfb052d39ba3a8d49",
    "evidence-dispositions.json": "5f423a1a4af8f399f2d2fa81e9c1bcfd589ab80abb330e188a50d8a0d0a8a740",
    "frontend-semantic-inventory.json": "51aa6cf1775cd398707af3617f1ae69d17e9b0834764c519b2c456519584490a",
    "observed-interactions.json": "e760ebd022544c889c6fec968402c499c7c1c968432024f87a04fcd755a2c29e",
    "control-capability-map.json": "5ef7b95d1e4a6f8e0ba9377608857eb94da8dd7feddc3c5dc80b86b1c10e89c7",
    "asset-role-inventory.json": "e015c2c141d618c950e0e50db1ef1d68089b3e72aa24df0ad96b5fd2d78ffbda",
    "functional-spec.json": "9ba4078f044952962730098cbd73da6a7fe35545eda583430abd7d29f27ff3bb",
    "page-function-map.json": "4ae66b5d034a104cd55a62086a0a621005b13eea1635f90740084978b458d09e",
    "unresolved-items.json": "c5a806923d469809549988a1c83273c4d80614efad2d1300bf7a58d30e0db0b6",
    "review-receipt.json": "4f9867020898bcc056a2a3f428ee2c4e8463b13adb966056d5dba42fc73b0e97",
    "planning-review-receipt.json": "1c19d84902e3ea1fb1dc27e25f5a0d7b26a9ea19ef11bf5b1543b8eedaf3fd33"
  }
}
